
Microsoft Visual Studio Solution File, Format Version 12.00
# Visual Studio 2012
Project("{FAE04EC0-301F-11D3-BF4B-00C04F79EFBC}") = "WebApp", "WebApp\WebApp.csproj", "{3D49F032-A5CB-4E28-B250-8605F05CA585}"
EndProject
Global
	GlobalSection(SolutionConfigurationPlatforms) = preSolution
		Debug|Any CPU = Debug|Any CPU
		Deploy-Dev|Any CPU = Deploy-Dev|Any CPU
		Release|Any CPU = Release|Any CPU
	EndGlobalSection
	GlobalSection(ProjectConfigurationPlatforms) = postSolution
		{3D49F032-A5CB-4E28-B250-8605F05CA585}.Debug|Any CPU.ActiveCfg = Debug|Any CPU
		{3D49F032-A5CB-4E28-B250-8605F05CA585}.Debug|Any CPU.Build.0 = Debug|Any CPU
		{3D49F032-A5CB-4E28-B250-8605F05CA585}.Deploy-Dev|Any CPU.ActiveCfg = Deploy-Dev|Any CPU
		{3D49F032-A5CB-4E28-B250-8605F05CA585}.Deploy-Dev|Any CPU.Build.0 = Deploy-Dev|Any CPU
		{3D49F032-A5CB-4E28-B250-8605F05CA585}.Release|Any CPU.ActiveCfg = Release|Any CPU
		{3D49F032-A5CB-4E28-B250-8605F05CA585}.Release|Any CPU.Build.0 = Release|Any CPU
	EndGlobalSection
	GlobalSection(SolutionProperties) = preSolution
		HideSolutionNode = FALSE
	EndGlobalSection
EndGlobal
