
Microsoft Visual Studio Solution File, Format Version 12.00
# Visual Studio 2012
Project("{FAE04EC0-301F-11D3-BF4B-00C04F79EFBC}") = "teamcity", "teamcity\teamcity.csproj", "{C83C5268-0203-43E7-98D8-2B9B616B1C25}"
EndProject
Project("{FAE04EC0-301F-11D3-BF4B-00C04F79EFBC}") = "teamcity.Test", "teamcity.Test\teamcity.Test.csproj", "{554E0A61-8D58-42A8-93DC-3FAF3668AA8D}"
EndProject
Global
	GlobalSection(SolutionConfigurationPlatforms) = preSolution
		Debug|Any CPU = Debug|Any CPU
		Release|Any CPU = Release|Any CPU
	EndGlobalSection
	GlobalSection(ProjectConfigurationPlatforms) = postSolution
		{C83C5268-0203-43E7-98D8-2B9B616B1C25}.Debug|Any CPU.ActiveCfg = Debug|Any CPU
		{C83C5268-0203-43E7-98D8-2B9B616B1C25}.Debug|Any CPU.Build.0 = Debug|Any CPU
		{C83C5268-0203-43E7-98D8-2B9B616B1C25}.Release|Any CPU.ActiveCfg = Release|Any CPU
		{C83C5268-0203-43E7-98D8-2B9B616B1C25}.Release|Any CPU.Build.0 = Release|Any CPU
		{554E0A61-8D58-42A8-93DC-3FAF3668AA8D}.Debug|Any CPU.ActiveCfg = Debug|Any CPU
		{554E0A61-8D58-42A8-93DC-3FAF3668AA8D}.Debug|Any CPU.Build.0 = Debug|Any CPU
		{554E0A61-8D58-42A8-93DC-3FAF3668AA8D}.Release|Any CPU.ActiveCfg = Release|Any CPU
		{554E0A61-8D58-42A8-93DC-3FAF3668AA8D}.Release|Any CPU.Build.0 = Release|Any CPU
	EndGlobalSection
	GlobalSection(SolutionProperties) = preSolution
		HideSolutionNode = FALSE
	EndGlobalSection
EndGlobal
